
Microsoft Visual Studio Solution File, Format Version 12.00
# Visual Studio Version 17
VisualStudioVersion = 17.7.34009.444
MinimumVisualStudioVersion = 10.0.40219.1
Project("{FAE04EC0-301F-11D3-BF4B-00C04F79EFBC}") = "cinema_web", "cinema_web\cinema_web.csproj", "{7278B430-6986-45DD-A95D-B7CED2FA817A}"
EndProject
Global
	GlobalSection(SolutionConfigurationPlatforms) = preSolution
		Debug|Any CPU = Debug|Any CPU
		Release|Any CPU = Release|Any CPU
	EndGlobalSection
	GlobalSection(ProjectConfigurationPlatforms) = postSolution
		{7278B430-6986-45DD-A95D-B7CED2FA817A}.Debug|Any CPU.ActiveCfg = Debug|Any CPU
		{7278B430-6986-45DD-A95D-B7CED2FA817A}.Debug|Any CPU.Build.0 = Debug|Any CPU
		{7278B430-6986-45DD-A95D-B7CED2FA817A}.Release|Any CPU.ActiveCfg = Release|Any CPU
		{7278B430-6986-45DD-A95D-B7CED2FA817A}.Release|Any CPU.Build.0 = Release|Any CPU
	EndGlobalSection
	GlobalSection(SolutionProperties) = preSolution
		HideSolutionNode = FALSE
	EndGlobalSection
	GlobalSection(ExtensibilityGlobals) = postSolution
		SolutionGuid = {197E3932-80E9-4491-A1A1-D48E76689545}
	EndGlobalSection
EndGlobal
